PODS:
  - Bolts (1.9.0):
    - Bolts/AppLinks (= 1.9.0)
    - Bolts/Tasks (= 1.9.0)
  - Bolts/AppLinks (1.9.0):
    - Bolts/Tasks
  - Bolts/Tasks (1.9.0)
  - Crashlytics (3.10.7):
    - Fabric (~> 1.7.11)
  - DZNEmptyDataSet (1.8.1)
  - Fabric (1.7.11)
  - FBSDKCoreKit (4.38.0):
    - Bolts (~> 1.9)
  - FBSDKShareKit (4.38.0):
    - FBSDKCoreKit
  - Localytics (5.3.0)
  - StaticDataTableViewController (2.5.0)
  - XLForm (4.0.0)

DEPENDENCIES:
  - Crashlytics
  - DZNEmptyDataSet
  - Fabric
  - FBSDKCoreKit (~> 4.38)
  - FBSDKShareKit (~> 4.38)
  - Localytics (~> 5.3)
  - StaticDataTableViewController (~> 2.5)
  - XLForm (~> 4.0)

SPEC REPOS:
  https://github.com/cocoapods/specs.git:
    - Bolts
    - Crashlytics
    - DZNEmptyDataSet
    - Fabric
    - FBSDKCoreKit
    - FBSDKShareKit
    - Localytics
    - StaticDataTableViewController
    - XLForm

SPEC CHECKSUMS:
  Bolts: ac6567323eac61e203f6a9763667d0f711be34c8
  Crashlytics: ccaac42660eb9351b9960c0d66106b0bcf99f4fa
  DZNEmptyDataSet: 9525833b9e68ac21c30253e1d3d7076cc828eaa7
  Fabric: f233c9492b3bbc1f04e3882986740f7988a58edb
  FBSDKCoreKit: 2ab7fdbf600dc6b628ba7a49aa29d357a7b4c74e
  FBSDKShareKit: 00290e3db446eed603ff80ac629dcc5e80cf8b74
  Localytics: aa49adf35bd480a598c98f525a86d4c5b91debe8
  StaticDataTableViewController: 0c5c4a47861446dd3cfd52530ae801ec7662ce26
  XLForm: 04110197c12187dd28a6c7295d3d8b95f4fdb4de

PODFILE CHECKSUM: 7aa44d780b10b5d538293a3956c2adba07a186ad

COCOAPODS: 1.5.3
