PODS:
  - Appirater (2.1.2)
  - Bolts (1.8.4):
    - Bolts/AppLinks (= 1.8.4)
    - Bolts/Tasks (= 1.8.4)
  - Bolts/AppLinks (1.8.4):
    - Bolts/Tasks
  - Bolts/Tasks (1.8.4)
  - Crashlytics (3.8.3):
    - Fabric (~> 1.6.3)
  - DZNEmptyDataSet (1.8.1)
  - Fabric (1.6.11)
  - FBSDKCoreKit (4.18.0):
    - Bolts (~> 1.7)
  - FBSDKShareKit (4.18.0):
    - FBSDKCoreKit
  - Localytics (4.1.0)
  - StaticDataTableViewController (2.0.5)
  - XLForm (3.3.0)

DEPENDENCIES:
  - Appirater (~> 2.1)
  - Crashlytics
  - DZNEmptyDataSet
  - Fabric
  - FBSDKCoreKit (~> 4.18)
  - FBSDKShareKit (~> 4.18)
  - Localytics (~> 4.0)
  - StaticDataTableViewController (~> 2.0)
  - XLForm (~> 3.3)

SPEC CHECKSUMS:
  Appirater: f1c9e53e8b612193e6256144f6a0fd2e31f4340d
  Bolts: 8a7995239dbe724f9cba2248b766d48b7ebdd322
  Crashlytics: 2b6dbe138a42395577cfa73dfa1aa7248cadf39e
  DZNEmptyDataSet: 9525833b9e68ac21c30253e1d3d7076cc828eaa7
  Fabric: 5911403591946b8228ab1c51d98f1d7137e863c6
  FBSDKCoreKit: 15fef8804a4629f98c6f4e55e81a76c9d725d85e
  FBSDKShareKit: 0b8d6cc3f103c75297eb3c62caec284a2ccf1b9e
  Localytics: 6b567857273ffa9b76bb6e4c4e11c5f6f2b15a86
  StaticDataTableViewController: 7ea8d7bc8c7f0a4e9255a320224462c7346c1d4a
  XLForm: d5c391dfc62865927b5bcab0a5a0dbfb3e02b0ec

PODFILE CHECKSUM: 8ecd4a70616578223d1d777e7fe00ad40005ddd4

COCOAPODS: 1.0.1
