// !$*UTF8*$!
{
	archiveVersion = 1;
	classes = {
	};
	objectVersion = 46;
	objects = {

/* Begin PBXBuildFile section */
		49080EB41DD9DFD800673D11 /* SnapshotHelper.swift in Sources */ = {isa = PBXBuildFile; fileRef = 49080EB31DD9DFD800673D11 /* SnapshotHelper.swift */; };
		4925AC211DD7C47200BE8881 /* Analytics.swift in Sources */ = {isa = PBXBuildFile; fileRef = 4925AC201DD7C47200BE8881 /* Analytics.swift */; };
		492B00001DD3667D00867896 /* MessageHelper.swift in Sources */ = {isa = PBXBuildFile; fileRef = 492BFFFF1DD3667D00867896 /* MessageHelper.swift */; };
		492B00031DD369BB00867896 /* Child.swift in Sources */ = {isa = PBXBuildFile; fileRef = 492B00021DD369BB00867896 /* Child.swift */; };
		492BFFCA1DD34C7E00867896 /* AppDelegate.swift in Sources */ = {isa = PBXBuildFile; fileRef = 492BFFC91DD34C7E00867896 /* AppDelegate.swift */; };
		492BFFCC1DD34C7E00867896 /* MenuViewController.swift in Sources */ = {isa = PBXBuildFile; fileRef = 492BFFCB1DD34C7E00867896 /* MenuViewController.swift */; };
		492BFFCF1DD34C7E00867896 /* Main.storyboard in Resources */ = {isa = PBXBuildFile; fileRef = 492BFFCD1DD34C7E00867896 /* Main.storyboard */; };
		492BFFD21DD34C7E00867896 /* FranvaroAppen.xcdatamodeld in Sources */ = {isa = PBXBuildFile; fileRef = 492BFFD01DD34C7E00867896 /* FranvaroAppen.xcdatamodeld */; };
		492BFFD41DD34C7E00867896 /* Assets.xcassets in Resources */ = {isa = PBXBuildFile; fileRef = 492BFFD31DD34C7E00867896 /* Assets.xcassets */; };
		492BFFD71DD34C7E00867896 /* LaunchScreen.storyboard in Resources */ = {isa = PBXBuildFile; fileRef = 492BFFD51DD34C7E00867896 /* LaunchScreen.storyboard */; };
		492BFFE21DD34C7E00867896 /* FranvaroAppenTests.swift in Sources */ = {isa = PBXBuildFile; fileRef = 492BFFE11DD34C7E00867896 /* FranvaroAppenTests.swift */; };
		492BFFED1DD34C7E00867896 /* FranvaroAppenUITests.swift in Sources */ = {isa = PBXBuildFile; fileRef = 492BFFEC1DD34C7E00867896 /* FranvaroAppenUITests.swift */; };
		492BFFFC1DD35E3100867896 /* UIViewController+Utils.swift in Sources */ = {isa = PBXBuildFile; fileRef = 492BFFFB1DD35E3100867896 /* UIViewController+Utils.swift */; };
		492BFFFE1DD363A900867896 /* SendInfoViewController.swift in Sources */ = {isa = PBXBuildFile; fileRef = 492BFFFD1DD363A900867896 /* SendInfoViewController.swift */; };
		493B14B01DD3831F007882C5 /* EditChildViewController.swift in Sources */ = {isa = PBXBuildFile; fileRef = 493B14AF1DD3831F007882C5 /* EditChildViewController.swift */; };
		493B14B31DD3E22B007882C5 /* ChildCell.swift in Sources */ = {isa = PBXBuildFile; fileRef = 493B14B21DD3E22B007882C5 /* ChildCell.swift */; };
		493B14B51DD3E530007882C5 /* ChildListViewController.swift in Sources */ = {isa = PBXBuildFile; fileRef = 493B14B41DD3E530007882C5 /* ChildListViewController.swift */; };
		493B14B91DD4A6B9007882C5 /* ChildGridCell.swift in Sources */ = {isa = PBXBuildFile; fileRef = 493B14B81DD4A6B9007882C5 /* ChildGridCell.swift */; };
		49434CE62135429E00CD3D0D /* ApplicationRouter.swift in Sources */ = {isa = PBXBuildFile; fileRef = 49434CE52135429E00CD3D0D /* ApplicationRouter.swift */; };
		49434CEA2135575300CD3D0D /* DBManager.swift in Sources */ = {isa = PBXBuildFile; fileRef = 49434CE92135575300CD3D0D /* DBManager.swift */; };
		495886D61DF75CB0007AB93E /* AboutAppViewController.swift in Sources */ = {isa = PBXBuildFile; fileRef = 495886D51DF75CB0007AB93E /* AboutAppViewController.swift */; };
		495886D81DFA0EBB007AB93E /* ShareManager.swift in Sources */ = {isa = PBXBuildFile; fileRef = 495886D71DFA0EBB007AB93E /* ShareManager.swift */; };
		495AEBEA2187A7EE00CB914F /* Secrets.plist in Resources */ = {isa = PBXBuildFile; fileRef = 495AEBE92187A7EE00CB914F /* Secrets.plist */; };
		495AEBEC2187A86800CB914F /* Secrets.swift in Sources */ = {isa = PBXBuildFile; fileRef = 495AEBEB2187A86700CB914F /* Secrets.swift */; };
		4987BADE1DD5FDD90053BC98 /* Theme.swift in Sources */ = {isa = PBXBuildFile; fileRef = 4987BADD1DD5FDD90053BC98 /* Theme.swift */; };
		4987BAE01DD5FE780053BC98 /* UIColor+App.swift in Sources */ = {isa = PBXBuildFile; fileRef = 4987BADF1DD5FE780053BC98 /* UIColor+App.swift */; };
		4987BAE21DD600920053BC98 /* NavigationController.swift in Sources */ = {isa = PBXBuildFile; fileRef = 4987BAE11DD600920053BC98 /* NavigationController.swift */; };
		4987BAE41DD612F10053BC98 /* ReportViewController.swift in Sources */ = {isa = PBXBuildFile; fileRef = 4987BAE31DD612F10053BC98 /* ReportViewController.swift */; };
		49888D3E1DFFFB6300F0EBA0 /* IconView.swift in Sources */ = {isa = PBXBuildFile; fileRef = 49888D3D1DFFFB6300F0EBA0 /* IconView.swift */; };
		499E6FF821348E740054328D /* NSUserActivity+FranvaroAppen.swift in Sources */ = {isa = PBXBuildFile; fileRef = 499E6FF721348E740054328D /* NSUserActivity+FranvaroAppen.swift */; };
		49BBACA81E945978000FFAE2 /* RatingManagerTests.swift in Sources */ = {isa = PBXBuildFile; fileRef = 49BBACA71E945978000FFAE2 /* RatingManagerTests.swift */; };
		49C5139F1E905A4D00CD0487 /* RatingManager.swift in Sources */ = {isa = PBXBuildFile; fileRef = 49C5139E1E905A4D00CD0487 /* RatingManager.swift */; };
		49C63E571DD5E6F60087A148 /* info.pdf in Resources */ = {isa = PBXBuildFile; fileRef = 49C63E561DD5E6F60087A148 /* info.pdf */; };
		49C63E591DD5E7530087A148 /* InfoViewController.swift in Sources */ = {isa = PBXBuildFile; fileRef = 49C63E581DD5E7530087A148 /* InfoViewController.swift */; };
		49D48FD185D1FB8BE8077422 /* Pods_FranvaroAppen.framework in Frameworks */ = {isa = PBXBuildFile; fileRef = E23A845E52E9986868944A57 /* Pods_FranvaroAppen.framework */; };
		49ED43BE1DE8D89B004FB1BC /* DateValueTransformer.swift in Sources */ = {isa = PBXBuildFile; fileRef = 49ED43BD1DE8D89B004FB1BC /* DateValueTransformer.swift */; };
		753FCDF5FD1664F2A50A12C4 /* Pods_FranvaroAppenTests.framework in Frameworks */ = {isa = PBXBuildFile; fileRef = 8A035787C726D3FC6A3FCC46 /* Pods_FranvaroAppenTests.framework */; };
		7DF8D251DA97E98208E382D0 /* Pods_FranvaroAppenUITests.framework in Frameworks */ = {isa = PBXBuildFile; fileRef = 4BD11E43C30475B03AD84F37 /* Pods_FranvaroAppenUITests.framework */; };
/* End PBXBuildFile section */

/* Begin PBXContainerItemProxy section */
		492BFFDE1DD34C7E00867896 /* PBXContainerItemProxy */ = {
			isa = PBXContainerItemProxy;
			containerPortal = 492BFFBE1DD34C7E00867896 /* Project object */;
			proxyType = 1;
			remoteGlobalIDString = 492BFFC51DD34C7E00867896;
			remoteInfo = FranvaroAppen;
		};
		492BFFE91DD34C7E00867896 /* PBXContainerItemProxy */ = {
			isa = PBXContainerItemProxy;
			containerPortal = 492BFFBE1DD34C7E00867896 /* Project object */;
			proxyType = 1;
			remoteGlobalIDString = 492BFFC51DD34C7E00867896;
			remoteInfo = FranvaroAppen;
		};
/* End PBXContainerItemProxy section */

/* Begin PBXFileReference section */
		0403B388726FCC299A793C78 /* Pods-FranvaroAppen.release.xcconfig */ = {isa = PBXFileReference; includeInIndex = 1; lastKnownFileType = text.xcconfig; name = "Pods-FranvaroAppen.release.xcconfig"; path = "Pods/Target Support Files/Pods-FranvaroAppen/Pods-FranvaroAppen.release.xcconfig"; sourceTree = "<group>"; };
		0BE0AFD309BBAFC2D3FDAA52 /* Pods-FranvaroAppenUITests.release.xcconfig */ = {isa = PBXFileReference; includeInIndex = 1; lastKnownFileType = text.xcconfig; name = "Pods-FranvaroAppenUITests.release.xcconfig"; path = "Pods/Target Support Files/Pods-FranvaroAppenUITests/Pods-FranvaroAppenUITests.release.xcconfig"; sourceTree = "<group>"; };
		49080EB31DD9DFD800673D11 /* SnapshotHelper.swift */ = {isa = PBXFileReference; fileEncoding = 4; lastKnownFileType = sourcecode.swift; name = SnapshotHelper.swift; path = ../SnapshotHelper.swift; sourceTree = "<group>"; };
		4925AC201DD7C47200BE8881 /* Analytics.swift */ = {isa = PBXFileReference; fileEncoding = 4; lastKnownFileType = sourcecode.swift; path = Analytics.swift; sourceTree = "<group>"; };
		492B00021DD369BB00867896 /* Child.swift */ = {isa = PBXFileReference; fileEncoding = 4; lastKnownFileType = sourcecode.swift; path = Child.swift; sourceTree = "<group>"; };
		492BFFC61DD34C7E00867896 /* FranvaroAppen.app */ = {isa = PBXFileReference; explicitFileType = wrapper.application; includeInIndex = 0; path = FranvaroAppen.app; sourceTree = BUILT_PRODUCTS_DIR; };
		492BFFC91DD34C7E00867896 /* AppDelegate.swift */ = {isa = PBXFileReference; lastKnownFileType = sourcecode.swift; path = AppDelegate.swift; sourceTree = "<group>"; };
		492BFFCB1DD34C7E00867896 /* MenuViewController.swift */ = {isa = PBXFileReference; lastKnownFileType = sourcecode.swift; path = MenuViewController.swift; sourceTree = "<group>"; };
		492BFFCE1DD34C7E00867896 /* Base */ = {isa = PBXFileReference; lastKnownFileType = file.storyboard; name = Base; path = Base.lproj/Main.storyboard; sourceTree = "<group>"; };
		492BFFD11DD34C7E00867896 /* FranvaroAppen.xcdatamodel */ = {isa = PBXFileReference; lastKnownFileType = wrapper.xcdatamodel; path = FranvaroAppen.xcdatamodel; sourceTree = "<group>"; };
		492BFFD31DD34C7E00867896 /* Assets.xcassets */ = {isa = PBXFileReference; lastKnownFileType = folder.assetcatalog; path = Assets.xcassets; sourceTree = "<group>"; };
		492BFFD61DD34C7E00867896 /* Base */ = {isa = PBXFileReference; lastKnownFileType = file.storyboard; name = Base; path = Base.lproj/LaunchScreen.storyboard; sourceTree = "<group>"; };
		492BFFD81DD34C7E00867896 /* Info.plist */ = {isa = PBXFileReference; lastKnownFileType = text.plist.xml; path = Info.plist; sourceTree = "<group>"; };
		492BFFDD1DD34C7E00867896 /* FranvaroAppenTests.xctest */ = {isa = PBXFileReference; explicitFileType = wrapper.cfbundle; includeInIndex = 0; path = FranvaroAppenTests.xctest; sourceTree = BUILT_PRODUCTS_DIR; };
		492BFFE11DD34C7E00867896 /* FranvaroAppenTests.swift */ = {isa = PBXFileReference; lastKnownFileType = sourcecode.swift; path = FranvaroAppenTests.swift; sourceTree = "<group>"; };
		492BFFE31DD34C7E00867896 /* Info.plist */ = {isa = PBXFileReference; lastKnownFileType = text.plist.xml; path = Info.plist; sourceTree = "<group>"; };
		492BFFE81DD34C7E00867896 /* FranvaroAppenUITests.xctest */ = {isa = PBXFileReference; explicitFileType = wrapper.cfbundle; includeInIndex = 0; path = FranvaroAppenUITests.xctest; sourceTree = BUILT_PRODUCTS_DIR; };
		492BFFEC1DD34C7E00867896 /* FranvaroAppenUITests.swift */ = {isa = PBXFileReference; lastKnownFileType = sourcecode.swift; path = FranvaroAppenUITests.swift; sourceTree = "<group>"; };
		492BFFEE1DD34C7E00867896 /* Info.plist */ = {isa = PBXFileReference; lastKnownFileType = text.plist.xml; path = Info.plist; sourceTree = "<group>"; };
		492BFFFB1DD35E3100867896 /* UIViewController+Utils.swift */ = {isa = PBXFileReference; fileEncoding = 4; lastKnownFileType = sourcecode.swift; path = "UIViewController+Utils.swift"; sourceTree = "<group>"; };
		492BFFFD1DD363A900867896 /* SendInfoViewController.swift */ = {isa = PBXFileReference; fileEncoding = 4; lastKnownFileType = sourcecode.swift; path = SendInfoViewController.swift; sourceTree = "<group>"; };
		492BFFFF1DD3667D00867896 /* MessageHelper.swift */ = {isa = PBXFileReference; fileEncoding = 4; lastKnownFileType = sourcecode.swift; path = MessageHelper.swift; sourceTree = "<group>"; };
		493B14AF1DD3831F007882C5 /* EditChildViewController.swift */ = {isa = PBXFileReference; fileEncoding = 4; lastKnownFileType = sourcecode.swift; path = EditChildViewController.swift; sourceTree = "<group>"; };
		493B14B21DD3E22B007882C5 /* ChildCell.swift */ = {isa = PBXFileReference; fileEncoding = 4; lastKnownFileType = sourcecode.swift; path = ChildCell.swift; sourceTree = "<group>"; };
		493B14B41DD3E530007882C5 /* ChildListViewController.swift */ = {isa = PBXFileReference; fileEncoding = 4; lastKnownFileType = sourcecode.swift; path = ChildListViewController.swift; sourceTree = "<group>"; };
		493B14B81DD4A6B9007882C5 /* ChildGridCell.swift */ = {isa = PBXFileReference; fileEncoding = 4; lastKnownFileType = sourcecode.swift; path = ChildGridCell.swift; sourceTree = "<group>"; };
		49434CE52135429E00CD3D0D /* ApplicationRouter.swift */ = {isa = PBXFileReference; lastKnownFileType = sourcecode.swift; path = ApplicationRouter.swift; sourceTree = "<group>"; };
		49434CE92135575300CD3D0D /* DBManager.swift */ = {isa = PBXFileReference; lastKnownFileType = sourcecode.swift; path = DBManager.swift; sourceTree = "<group>"; };
		495886D51DF75CB0007AB93E /* AboutAppViewController.swift */ = {isa = PBXFileReference; fileEncoding = 4; lastKnownFileType = sourcecode.swift; path = AboutAppViewController.swift; sourceTree = "<group>"; };
		495886D71DFA0EBB007AB93E /* ShareManager.swift */ = {isa = PBXFileReference; fileEncoding = 4; lastKnownFileType = sourcecode.swift; path = ShareManager.swift; sourceTree = "<group>"; };
		495AEBE92187A7EE00CB914F /* Secrets.plist */ = {isa = PBXFileReference; lastKnownFileType = text.plist.xml; path = Secrets.plist; sourceTree = "<group>"; };
		495AEBEB2187A86700CB914F /* Secrets.swift */ = {isa = PBXFileReference; lastKnownFileType = sourcecode.swift; path = Secrets.swift; sourceTree = "<group>"; };
		4987BADD1DD5FDD90053BC98 /* Theme.swift */ = {isa = PBXFileReference; fileEncoding = 4; lastKnownFileType = sourcecode.swift; path = Theme.swift; sourceTree = "<group>"; };
		4987BADF1DD5FE780053BC98 /* UIColor+App.swift */ = {isa = PBXFileReference; fileEncoding = 4; lastKnownFileType = sourcecode.swift; path = "UIColor+App.swift"; sourceTree = "<group>"; };
		4987BAE11DD600920053BC98 /* NavigationController.swift */ = {isa = PBXFileReference; fileEncoding = 4; lastKnownFileType = sourcecode.swift; path = NavigationController.swift; sourceTree = "<group>"; };
		4987BAE31DD612F10053BC98 /* ReportViewController.swift */ = {isa = PBXFileReference; fileEncoding = 4; lastKnownFileType = sourcecode.swift; path = ReportViewController.swift; sourceTree = "<group>"; };
		49888D3D1DFFFB6300F0EBA0 /* IconView.swift */ = {isa = PBXFileReference; fileEncoding = 4; lastKnownFileType = sourcecode.swift; path = IconView.swift; sourceTree = "<group>"; };
		499E6FF721348E740054328D /* NSUserActivity+FranvaroAppen.swift */ = {isa = PBXFileReference; lastKnownFileType = sourcecode.swift; path = "NSUserActivity+FranvaroAppen.swift"; sourceTree = "<group>"; };
		49BBACA71E945978000FFAE2 /* RatingManagerTests.swift */ = {isa = PBXFileReference; fileEncoding = 4; lastKnownFileType = sourcecode.swift; path = RatingManagerTests.swift; sourceTree = "<group>"; };
		49C5139E1E905A4D00CD0487 /* RatingManager.swift */ = {isa = PBXFileReference; fileEncoding = 4; lastKnownFileType = sourcecode.swift; path = RatingManager.swift; sourceTree = "<group>"; };
		49C63E561DD5E6F60087A148 /* info.pdf */ = {isa = PBXFileReference; lastKnownFileType = image.pdf; path = info.pdf; sourceTree = "<group>"; };
		49C63E581DD5E7530087A148 /* InfoViewController.swift */ = {isa = PBXFileReference; fileEncoding = 4; lastKnownFileType = sourcecode.swift; path = InfoViewController.swift; sourceTree = "<group>"; };
		49ED43BD1DE8D89B004FB1BC /* DateValueTransformer.swift */ = {isa = PBXFileReference; fileEncoding = 4; lastKnownFileType = sourcecode.swift; path = DateValueTransformer.swift; sourceTree = "<group>"; };
		49F35EA71E983B46003C0521 /* FranvaroAppen.entitlements */ = {isa = PBXFileReference; lastKnownFileType = text.plist.entitlements; path = FranvaroAppen.entitlements; sourceTree = "<group>"; };
		4BD11E43C30475B03AD84F37 /* Pods_FranvaroAppenUITests.framework */ = {isa = PBXFileReference; explicitFileType = wrapper.framework; includeInIndex = 0; path = Pods_FranvaroAppenUITests.framework; sourceTree = BUILT_PRODUCTS_DIR; };
		5B646E7CE0CABD0C8B32E549 /* Pods-FranvaroAppenUITests.debug.xcconfig */ = {isa = PBXFileReference; includeInIndex = 1; lastKnownFileType = text.xcconfig; name = "Pods-FranvaroAppenUITests.debug.xcconfig"; path = "Pods/Target Support Files/Pods-FranvaroAppenUITests/Pods-FranvaroAppenUITests.debug.xcconfig"; sourceTree = "<group>"; };
		7B77778A8AC0B4F9245EEC36 /* Pods-FranvaroAppen.debug.xcconfig */ = {isa = PBXFileReference; includeInIndex = 1; lastKnownFileType = text.xcconfig; name = "Pods-FranvaroAppen.debug.xcconfig"; path = "Pods/Target Support Files/Pods-FranvaroAppen/Pods-FranvaroAppen.debug.xcconfig"; sourceTree = "<group>"; };
		7CD9FF90EB6471453CFDAC61 /* Pods-FranvaroAppenTests.debug.xcconfig */ = {isa = PBXFileReference; includeInIndex = 1; lastKnownFileType = text.xcconfig; name = "Pods-FranvaroAppenTests.debug.xcconfig"; path = "Pods/Target Support Files/Pods-FranvaroAppenTests/Pods-FranvaroAppenTests.debug.xcconfig"; sourceTree = "<group>"; };
		8A035787C726D3FC6A3FCC46 /* Pods_FranvaroAppenTests.framework */ = {isa = PBXFileReference; explicitFileType = wrapper.framework; includeInIndex = 0; path = Pods_FranvaroAppenTests.framework; sourceTree = BUILT_PRODUCTS_DIR; };
		E23A845E52E9986868944A57 /* Pods_FranvaroAppen.framework */ = {isa = PBXFileReference; explicitFileType = wrapper.framework; includeInIndex = 0; path = Pods_FranvaroAppen.framework; sourceTree = BUILT_PRODUCTS_DIR; };
		FB7C28A90FEE8FB30DEB1353 /* Pods-FranvaroAppenTests.release.xcconfig */ = {isa = PBXFileReference; includeInIndex = 1; lastKnownFileType = text.xcconfig; name = "Pods-FranvaroAppenTests.release.xcconfig"; path = "Pods/Target Support Files/Pods-FranvaroAppenTests/Pods-FranvaroAppenTests.release.xcconfig"; sourceTree = "<group>"; };
/* End PBXFileReference section */

/* Begin PBXFrameworksBuildPhase section */
		492BFFC31DD34C7E00867896 /* Frameworks */ = {
			isa = PBXFrameworksBuildPhase;
			buildActionMask = 2147483647;
			files = (
				49D48FD185D1FB8BE8077422 /* Pods_FranvaroAppen.framework in Frameworks */,
			);
			runOnlyForDeploymentPostprocessing = 0;
		};
		492BFFDA1DD34C7E00867896 /* Frameworks */ = {
			isa = PBXFrameworksBuildPhase;
			buildActionMask = 2147483647;
			files = (
				753FCDF5FD1664F2A50A12C4 /* Pods_FranvaroAppenTests.framework in Frameworks */,
			);
			runOnlyForDeploymentPostprocessing = 0;
		};
		492BFFE51DD34C7E00867896 /* Frameworks */ = {
			isa = PBXFrameworksBuildPhase;
			buildActionMask = 2147483647;
			files = (
				7DF8D251DA97E98208E382D0 /* Pods_FranvaroAppenUITests.framework in Frameworks */,
			);
			runOnlyForDeploymentPostprocessing = 0;
		};
/* End PBXFrameworksBuildPhase section */

/* Begin PBXGroup section */
		492B00011DD369A900867896 /* Models */ = {
			isa = PBXGroup;
			children = (
				492B00021DD369BB00867896 /* Child.swift */,
			);
			name = Models;
			sourceTree = "<group>";
		};
		492BFFBD1DD34C7E00867896 = {
			isa = PBXGroup;
			children = (
				492BFFC81DD34C7E00867896 /* FranvaroAppen */,
				492BFFE01DD34C7E00867896 /* FranvaroAppenTests */,
				492BFFEB1DD34C7E00867896 /* FranvaroAppenUITests */,
				492BFFC71DD34C7E00867896 /* Products */,
				8CD66CD9B6F6BF670D880B89 /* Pods */,
				801E2F2E7EC02B683BA3183D /* Frameworks */,
			);
			sourceTree = "<group>";
		};
		492BFFC71DD34C7E00867896 /* Products */ = {
			isa = PBXGroup;
			children = (
				492BFFC61DD34C7E00867896 /* FranvaroAppen.app */,
				492BFFDD1DD34C7E00867896 /* FranvaroAppenTests.xctest */,
				492BFFE81DD34C7E00867896 /* FranvaroAppenUITests.xctest */,
			);
			name = Products;
			sourceTree = "<group>";
		};
		492BFFC81DD34C7E00867896 /* FranvaroAppen */ = {
			isa = PBXGroup;
			children = (
				49F35EA71E983B46003C0521 /* FranvaroAppen.entitlements */,
				492BFFC91DD34C7E00867896 /* AppDelegate.swift */,
				49434CE92135575300CD3D0D /* DBManager.swift */,
				492BFFFF1DD3667D00867896 /* MessageHelper.swift */,
				4987BADD1DD5FDD90053BC98 /* Theme.swift */,
				4987BADF1DD5FE780053BC98 /* UIColor+App.swift */,
				4925AC201DD7C47200BE8881 /* Analytics.swift */,
				49ED43BD1DE8D89B004FB1BC /* DateValueTransformer.swift */,
				49434CE52135429E00CD3D0D /* ApplicationRouter.swift */,
				495886D71DFA0EBB007AB93E /* ShareManager.swift */,
				49C5139E1E905A4D00CD0487 /* RatingManager.swift */,
				49888D3D1DFFFB6300F0EBA0 /* IconView.swift */,
				499E6FF721348E740054328D /* NSUserActivity+FranvaroAppen.swift */,
				495AEBEB2187A86700CB914F /* Secrets.swift */,
				493B14AE1DD36F9A007882C5 /* ViewControllers */,
				492B00011DD369A900867896 /* Models */,
				492BFFFA1DD35E1400867896 /* Categories */,
				49C63E551DD5E6DE0087A148 /* Supporting Files */,
			);
			path = FranvaroAppen;
			sourceTree = "<group>";
		};
		492BFFE01DD34C7E00867896 /* FranvaroAppenTests */ = {
			isa = PBXGroup;
			children = (
				492BFFE11DD34C7E00867896 /* FranvaroAppenTests.swift */,
				49BBACA71E945978000FFAE2 /* RatingManagerTests.swift */,
				492BFFE31DD34C7E00867896 /* Info.plist */,
			);
			path = FranvaroAppenTests;
			sourceTree = "<group>";
		};
		492BFFEB1DD34C7E00867896 /* FranvaroAppenUITests */ = {
			isa = PBXGroup;
			children = (
				49080EB31DD9DFD800673D11 /* SnapshotHelper.swift */,
				492BFFEC1DD34C7E00867896 /* FranvaroAppenUITests.swift */,
				492BFFEE1DD34C7E00867896 /* Info.plist */,
			);
			path = FranvaroAppenUITests;
			sourceTree = "<group>";
		};
		492BFFFA1DD35E1400867896 /* Categories */ = {
			isa = PBXGroup;
			children = (
				492BFFFB1DD35E3100867896 /* UIViewController+Utils.swift */,
			);
			name = Categories;
			sourceTree = "<group>";
		};
		493B14AE1DD36F9A007882C5 /* ViewControllers */ = {
			isa = PBXGroup;
			children = (
				493B14B11DD3E219007882C5 /* Cells */,
				492BFFCD1DD34C7E00867896 /* Main.storyboard */,
				493B14B41DD3E530007882C5 /* ChildListViewController.swift */,
				4987BAE11DD600920053BC98 /* NavigationController.swift */,
				492BFFCB1DD34C7E00867896 /* MenuViewController.swift */,
				492BFFFD1DD363A900867896 /* SendInfoViewController.swift */,
				493B14AF1DD3831F007882C5 /* EditChildViewController.swift */,
				49C63E581DD5E7530087A148 /* InfoViewController.swift */,
				495886D51DF75CB0007AB93E /* AboutAppViewController.swift */,
				4987BAE31DD612F10053BC98 /* ReportViewController.swift */,
			);
			name = ViewControllers;
			sourceTree = "<group>";
		};
		493B14B11DD3E219007882C5 /* Cells */ = {
			isa = PBXGroup;
			children = (
				493B14B21DD3E22B007882C5 /* ChildCell.swift */,
				493B14B81DD4A6B9007882C5 /* ChildGridCell.swift */,
			);
			name = Cells;
			sourceTree = "<group>";
		};
		49C63E551DD5E6DE0087A148 /* Supporting Files */ = {
			isa = PBXGroup;
			children = (
				49C63E561DD5E6F60087A148 /* info.pdf */,
				492BFFD31DD34C7E00867896 /* Assets.xcassets */,
				492BFFD51DD34C7E00867896 /* LaunchScreen.storyboard */,
				492BFFD81DD34C7E00867896 /* Info.plist */,
				492BFFD01DD34C7E00867896 /* FranvaroAppen.xcdatamodeld */,
				495AEBE92187A7EE00CB914F /* Secrets.plist */,
			);
			name = "Supporting Files";
			sourceTree = "<group>";
		};
		801E2F2E7EC02B683BA3183D /* Frameworks */ = {
			isa = PBXGroup;
			children = (
				E23A845E52E9986868944A57 /* Pods_FranvaroAppen.framework */,
				8A035787C726D3FC6A3FCC46 /* Pods_FranvaroAppenTests.framework */,
				4BD11E43C30475B03AD84F37 /* Pods_FranvaroAppenUITests.framework */,
			);
			name = Frameworks;
			sourceTree = "<group>";
		};
		8CD66CD9B6F6BF670D880B89 /* Pods */ = {
			isa = PBXGroup;
			children = (
				7B77778A8AC0B4F9245EEC36 /* Pods-FranvaroAppen.debug.xcconfig */,
				0403B388726FCC299A793C78 /* Pods-FranvaroAppen.release.xcconfig */,
				7CD9FF90EB6471453CFDAC61 /* Pods-FranvaroAppenTests.debug.xcconfig */,
				FB7C28A90FEE8FB30DEB1353 /* Pods-FranvaroAppenTests.release.xcconfig */,
				5B646E7CE0CABD0C8B32E549 /* Pods-FranvaroAppenUITests.debug.xcconfig */,
				0BE0AFD309BBAFC2D3FDAA52 /* Pods-FranvaroAppenUITests.release.xcconfig */,
			);
			name = Pods;
			sourceTree = "<group>";
		};
/* End PBXGroup section */

/* Begin PBXNativeTarget section */
		492BFFC51DD34C7E00867896 /* FranvaroAppen */ = {
			isa = PBXNativeTarget;
			buildConfigurationList = 492BFFF11DD34C7E00867896 /* Build configuration list for PBXNativeTarget "FranvaroAppen" */;
			buildPhases = (
				09A3FC626271E5625BE29390 /* [CP] Check Pods Manifest.lock */,
				492BFFC21DD34C7E00867896 /* Sources */,
				492BFFC31DD34C7E00867896 /* Frameworks */,
				492BFFC41DD34C7E00867896 /* Resources */,
				E74D2694136BFF8A573853F2 /* [CP] Embed Pods Frameworks */,
				49080EB51DD9F36200673D11 /* Fabric */,
			);
			buildRules = (
			);
			dependencies = (
			);
			name = FranvaroAppen;
			productName = FranvaroAppen;
			productReference = 492BFFC61DD34C7E00867896 /* FranvaroAppen.app */;
			productType = "com.apple.product-type.application";
		};
		492BFFDC1DD34C7E00867896 /* FranvaroAppenTests */ = {
			isa = PBXNativeTarget;
			buildConfigurationList = 492BFFF41DD34C7E00867896 /* Build configuration list for PBXNativeTarget "FranvaroAppenTests" */;
			buildPhases = (
				2671EAFB9C0B3CEC58A3E650 /* [CP] Check Pods Manifest.lock */,
				492BFFD91DD34C7E00867896 /* Sources */,
				492BFFDA1DD34C7E00867896 /* Frameworks */,
				492BFFDB1DD34C7E00867896 /* Resources */,
			);
			buildRules = (
			);
			dependencies = (
				492BFFDF1DD34C7E00867896 /* PBXTargetDependency */,
			);
			name = FranvaroAppenTests;
			productName = FranvaroAppenTests;
			productReference = 492BFFDD1DD34C7E00867896 /* FranvaroAppenTests.xctest */;
			productType = "com.apple.product-type.bundle.unit-test";
		};
		492BFFE71DD34C7E00867896 /* FranvaroAppenUITests */ = {
			isa = PBXNativeTarget;
			buildConfigurationList = 492BFFF71DD34C7E00867896 /* Build configuration list for PBXNativeTarget "FranvaroAppenUITests" */;
			buildPhases = (
				3CAF09B56A5A4C784481FD17 /* [CP] Check Pods Manifest.lock */,
				492BFFE41DD34C7E00867896 /* Sources */,
				492BFFE51DD34C7E00867896 /* Frameworks */,
				492BFFE61DD34C7E00867896 /* Resources */,
			);
			buildRules = (
			);
			dependencies = (
				492BFFEA1DD34C7E00867896 /* PBXTargetDependency */,
			);
			name = FranvaroAppenUITests;
			productName = FranvaroAppenUITests;
			productReference = 492BFFE81DD34C7E00867896 /* FranvaroAppenUITests.xctest */;
			productType = "com.apple.product-type.bundle.ui-testing";
		};
/* End PBXNativeTarget section */

/* Begin PBXProject section */
		492BFFBE1DD34C7E00867896 /* Project object */ = {
			isa = PBXProject;
			attributes = {
				LastSwiftUpdateCheck = 0810;
				LastUpgradeCheck = 0940;
				ORGANIZATIONNAME = "Knut Inge Grosland";
				TargetAttributes = {
					492BFFC51DD34C7E00867896 = {
						CreatedOnToolsVersion = 8.1;
						DevelopmentTeam = 2PRW676NCQ;
						LastSwiftMigration = 1000;
						ProvisioningStyle = Automatic;
						SystemCapabilities = {
							com.apple.BackgroundModes = {
								enabled = 1;
							};
							com.apple.Push = {
								enabled = 1;
							};
							com.apple.Siri = {
								enabled = 1;
							};
						};
					};
					492BFFDC1DD34C7E00867896 = {
						CreatedOnToolsVersion = 8.1;
						DevelopmentTeam = 2PRW676NCQ;
						LastSwiftMigration = 1000;
						ProvisioningStyle = Automatic;
						TestTargetID = 492BFFC51DD34C7E00867896;
					};
					492BFFE71DD34C7E00867896 = {
						CreatedOnToolsVersion = 8.1;
						DevelopmentTeam = 2PRW676NCQ;
						LastSwiftMigration = 1000;
						ProvisioningStyle = Automatic;
						TestTargetID = 492BFFC51DD34C7E00867896;
					};
				};
			};
			buildConfigurationList = 492BFFC11DD34C7E00867896 /* Build configuration list for PBXProject "FranvaroAppen" */;
			compatibilityVersion = "Xcode 3.2";
			developmentRegion = English;
			hasScannedForEncodings = 0;
			knownRegions = (
				en,
				Base,
			);
			mainGroup = 492BFFBD1DD34C7E00867896;
			productRefGroup = 492BFFC71DD34C7E00867896 /* Products */;
			projectDirPath = "";
			projectRoot = "";
			targets = (
				492BFFC51DD34C7E00867896 /* FranvaroAppen */,
				492BFFDC1DD34C7E00867896 /* FranvaroAppenTests */,
				492BFFE71DD34C7E00867896 /* FranvaroAppenUITests */,
			);
		};
/* End PBXProject section */

/* Begin PBXResourcesBuildPhase section */
		492BFFC41DD34C7E00867896 /* Resources */ = {
			isa = PBXResourcesBuildPhase;
			buildActionMask = 2147483647;
			files = (
				495AEBEA2187A7EE00CB914F /* Secrets.plist in Resources */,
				49C63E571DD5E6F60087A148 /* info.pdf in Resources */,
				492BFFD71DD34C7E00867896 /* LaunchScreen.storyboard in Resources */,
				492BFFD41DD34C7E00867896 /* Assets.xcassets in Resources */,
				492BFFCF1DD34C7E00867896 /* Main.storyboard in Resources */,
			);
			runOnlyForDeploymentPostprocessing = 0;
		};
		492BFFDB1DD34C7E00867896 /* Resources */ = {
			isa = PBXResourcesBuildPhase;
			buildActionMask = 2147483647;
			files = (
			);
			runOnlyForDeploymentPostprocessing = 0;
		};
		492BFFE61DD34C7E00867896 /* Resources */ = {
			isa = PBXResourcesBuildPhase;
			buildActionMask = 2147483647;
			files = (
			);
			runOnlyForDeploymentPostprocessing = 0;
		};
/* End PBXResourcesBuildPhase section */

/* Begin PBXShellScriptBuildPhase section */
		09A3FC626271E5625BE29390 /* [CP] Check Pods Manifest.lock */ = {
			isa = PBXShellScriptBuildPhase;
			buildActionMask = 2147483647;
			files = (
			);
			inputPaths = (
				"${PODS_PODFILE_DIR_PATH}/Podfile.lock",
				"${PODS_ROOT}/Manifest.lock",
			);
			name = "[CP] Check Pods Manifest.lock";
			outputPaths = (
				"$(DERIVED_FILE_DIR)/Pods-FranvaroAppen-checkManifestLockResult.txt",
			);
			runOnlyForDeploymentPostprocessing = 0;
			shellPath = /bin/sh;
			shellScript = "diff \"${PODS_PODFILE_DIR_PATH}/Podfile.lock\" \"${PODS_ROOT}/Manifest.lock\" > /dev/null\nif [ $? != 0 ] ; then\n    # print error to STDERR\n    echo \"error: The sandbox is not in sync with the Podfile.lock. Run 'pod install' or update your CocoaPods installation.\" >&2\n    exit 1\nfi\n# This output is used by Xcode 'outputs' to avoid re-running this script phase.\necho \"SUCCESS\" > \"${SCRIPT_OUTPUT_FILE_0}\"\n";
			showEnvVarsInLog = 0;
		};
		2671EAFB9C0B3CEC58A3E650 /* [CP] Check Pods Manifest.lock */ = {
			isa = PBXShellScriptBuildPhase;
			buildActionMask = 2147483647;
			files = (
			);
			inputPaths = (
				"${PODS_PODFILE_DIR_PATH}/Podfile.lock",
				"${PODS_ROOT}/Manifest.lock",
			);
			name = "[CP] Check Pods Manifest.lock";
			outputPaths = (
				"$(DERIVED_FILE_DIR)/Pods-FranvaroAppenTests-checkManifestLockResult.txt",
			);
			runOnlyForDeploymentPostprocessing = 0;
			shellPath = /bin/sh;
			shellScript = "diff \"${PODS_PODFILE_DIR_PATH}/Podfile.lock\" \"${PODS_ROOT}/Manifest.lock\" > /dev/null\nif [ $? != 0 ] ; then\n    # print error to STDERR\n    echo \"error: The sandbox is not in sync with the Podfile.lock. Run 'pod install' or update your CocoaPods installation.\" >&2\n    exit 1\nfi\n# This output is used by Xcode 'outputs' to avoid re-running this script phase.\necho \"SUCCESS\" > \"${SCRIPT_OUTPUT_FILE_0}\"\n";
			showEnvVarsInLog = 0;
		};
		3CAF09B56A5A4C784481FD17 /* [CP] Check Pods Manifest.lock */ = {
			isa = PBXShellScriptBuildPhase;
			buildActionMask = 2147483647;
			files = (
			);
			inputPaths = (
				"${PODS_PODFILE_DIR_PATH}/Podfile.lock",
				"${PODS_ROOT}/Manifest.lock",
			);
			name = "[CP] Check Pods Manifest.lock";
			outputPaths = (
				"$(DERIVED_FILE_DIR)/Pods-FranvaroAppenUITests-checkManifestLockResult.txt",
			);
			runOnlyForDeploymentPostprocessing = 0;
			shellPath = /bin/sh;
			shellScript = "diff \"${PODS_PODFILE_DIR_PATH}/Podfile.lock\" \"${PODS_ROOT}/Manifest.lock\" > /dev/null\nif [ $? != 0 ] ; then\n    # print error to STDERR\n    echo \"error: The sandbox is not in sync with the Podfile.lock. Run 'pod install' or update your CocoaPods installation.\" >&2\n    exit 1\nfi\n# This output is used by Xcode 'outputs' to avoid re-running this script phase.\necho \"SUCCESS\" > \"${SCRIPT_OUTPUT_FILE_0}\"\n";
			showEnvVarsInLog = 0;
		};
		49080EB51DD9F36200673D11 /* Fabric */ = {
			isa = PBXShellScriptBuildPhase;
			buildActionMask = 2147483647;
			files = (
			);
			inputPaths = (
			);
			name = Fabric;
			outputPaths = (
			);
			runOnlyForDeploymentPostprocessing = 0;
			shellPath = /bin/sh;
			shellScript = "\"${PODS_ROOT}/Fabric/run\" 975b8be9fe2f4dfd2f635a7b54ac52b4c49e023b cdb27eb87742e8cc0001dee929df20f6c8c18c09130ea5df80c17cfd68ae8a80";
		};
		E74D2694136BFF8A573853F2 /* [CP] Embed Pods Frameworks */ = {
			isa = PBXShellScriptBuildPhase;
			buildActionMask = 2147483647;
			files = (
			);
			inputPaths = (
				"${SRCROOT}/Pods/Target Support Files/Pods-FranvaroAppen/Pods-FranvaroAppen-frameworks.sh",
				"${BUILT_PRODUCTS_DIR}/Bolts/Bolts.framework",
				"${BUILT_PRODUCTS_DIR}/DZNEmptyDataSet/DZNEmptyDataSet.framework",
				"${BUILT_PRODUCTS_DIR}/FBSDKCoreKit/FBSDKCoreKit.framework",
				"${BUILT_PRODUCTS_DIR}/FBSDKShareKit/FBSDKShareKit.framework",
				"${PODS_ROOT}/Localytics/Localytics-iOS-4.4.1/Localytics.framework",
				"${BUILT_PRODUCTS_DIR}/StaticDataTableViewController/StaticDataTableViewController.framework",
				"${BUILT_PRODUCTS_DIR}/XLForm/XLForm.framework",
			);
			name = "[CP] Embed Pods Frameworks";
			outputPaths = (
				"${TARGET_BUILD_DIR}/${FRAMEWORKS_FOLDER_PATH}/Bolts.framework",
				"${TARGET_BUILD_DIR}/${FRAMEWORKS_FOLDER_PATH}/DZNEmptyDataSet.framework",
				"${TARGET_BUILD_DIR}/${FRAMEWORKS_FOLDER_PATH}/FBSDKCoreKit.framework",
				"${TARGET_BUILD_DIR}/${FRAMEWORKS_FOLDER_PATH}/FBSDKShareKit.framework",
				"${TARGET_BUILD_DIR}/${FRAMEWORKS_FOLDER_PATH}/Localytics.framework",
				"${TARGET_BUILD_DIR}/${FRAMEWORKS_FOLDER_PATH}/StaticDataTableViewController.framework",
				"${TARGET_BUILD_DIR}/${FRAMEWORKS_FOLDER_PATH}/XLForm.framework",
			);
			runOnlyForDeploymentPostprocessing = 0;
			shellPath = /bin/sh;
			shellScript = "\"${SRCROOT}/Pods/Target Support Files/Pods-FranvaroAppen/Pods-FranvaroAppen-frameworks.sh\"\n";
			showEnvVarsInLog = 0;
		};
/* End PBXShellScriptBuildPhase section */

/* Begin PBXSourcesBuildPhase section */
		492BFFC21DD34C7E00867896 /* Sources */ = {
			isa = PBXSourcesBuildPhase;
			buildActionMask = 2147483647;
			files = (
				4987BAE41DD612F10053BC98 /* ReportViewController.swift in Sources */,
				492BFFFC1DD35E3100867896 /* UIViewController+Utils.swift in Sources */,
				49C5139F1E905A4D00CD0487 /* RatingManager.swift in Sources */,
				493B14B51DD3E530007882C5 /* ChildListViewController.swift in Sources */,
				493B14B01DD3831F007882C5 /* EditChildViewController.swift in Sources */,
				49434CEA2135575300CD3D0D /* DBManager.swift in Sources */,
				492B00001DD3667D00867896 /* MessageHelper.swift in Sources */,
				495886D61DF75CB0007AB93E /* AboutAppViewController.swift in Sources */,
				49434CE62135429E00CD3D0D /* ApplicationRouter.swift in Sources */,
				4987BADE1DD5FDD90053BC98 /* Theme.swift in Sources */,
				49ED43BE1DE8D89B004FB1BC /* DateValueTransformer.swift in Sources */,
				495AEBEC2187A86800CB914F /* Secrets.swift in Sources */,
				493B14B91DD4A6B9007882C5 /* ChildGridCell.swift in Sources */,
				49888D3E1DFFFB6300F0EBA0 /* IconView.swift in Sources */,
				493B14B31DD3E22B007882C5 /* ChildCell.swift in Sources */,
				4925AC211DD7C47200BE8881 /* Analytics.swift in Sources */,
				4987BAE21DD600920053BC98 /* NavigationController.swift in Sources */,
				499E6FF821348E740054328D /* NSUserActivity+FranvaroAppen.swift in Sources */,
				492BFFCC1DD34C7E00867896 /* MenuViewController.swift in Sources */,
				492BFFCA1DD34C7E00867896 /* AppDelegate.swift in Sources */,
				492BFFD21DD34C7E00867896 /* FranvaroAppen.xcdatamodeld in Sources */,
				492B00031DD369BB00867896 /* Child.swift in Sources */,
				49C63E591DD5E7530087A148 /* InfoViewController.swift in Sources */,
				492BFFFE1DD363A900867896 /* SendInfoViewController.swift in Sources */,
				4987BAE01DD5FE780053BC98 /* UIColor+App.swift in Sources */,
				495886D81DFA0EBB007AB93E /* ShareManager.swift in Sources */,
			);
			runOnlyForDeploymentPostprocessing = 0;
		};
		492BFFD91DD34C7E00867896 /* Sources */ = {
			isa = PBXSourcesBuildPhase;
			buildActionMask = 2147483647;
			files = (
				49BBACA81E945978000FFAE2 /* RatingManagerTests.swift in Sources */,
				492BFFE21DD34C7E00867896 /* FranvaroAppenTests.swift in Sources */,
			);
			runOnlyForDeploymentPostprocessing = 0;
		};
		492BFFE41DD34C7E00867896 /* Sources */ = {
			isa = PBXSourcesBuildPhase;
			buildActionMask = 2147483647;
			files = (
				492BFFED1DD34C7E00867896 /* FranvaroAppenUITests.swift in Sources */,
				49080EB41DD9DFD800673D11 /* SnapshotHelper.swift in Sources */,
			);
			runOnlyForDeploymentPostprocessing = 0;
		};
/* End PBXSourcesBuildPhase section */

/* Begin PBXTargetDependency section */
		492BFFDF1DD34C7E00867896 /* PBXTargetDependency */ = {
			isa = PBXTargetDependency;
			target = 492BFFC51DD34C7E00867896 /* FranvaroAppen */;
			targetProxy = 492BFFDE1DD34C7E00867896 /* PBXContainerItemProxy */;
		};
		492BFFEA1DD34C7E00867896 /* PBXTargetDependency */ = {
			isa = PBXTargetDependency;
			target = 492BFFC51DD34C7E00867896 /* FranvaroAppen */;
			targetProxy = 492BFFE91DD34C7E00867896 /* PBXContainerItemProxy */;
		};
/* End PBXTargetDependency section */

/* Begin PBXVariantGroup section */
		492BFFCD1DD34C7E00867896 /* Main.storyboard */ = {
			isa = PBXVariantGroup;
			children = (
				492BFFCE1DD34C7E00867896 /* Base */,
			);
			name = Main.storyboard;
			sourceTree = "<group>";
		};
		492BFFD51DD34C7E00867896 /* LaunchScreen.storyboard */ = {
			isa = PBXVariantGroup;
			children = (
				492BFFD61DD34C7E00867896 /* Base */,
			);
			name = LaunchScreen.storyboard;
			sourceTree = "<group>";
		};
/* End PBXVariantGroup section */

/* Begin XCBuildConfiguration section */
		492BFFEF1DD34C7E00867896 /* Debug */ = {
			isa = XCBuildConfiguration;
			buildSettings = {
				ALWAYS_SEARCH_USER_PATHS = NO;
				CLANG_ANALYZER_NONNULL = YES;
				CLANG_CXX_LANGUAGE_STANDARD = "gnu++0x";
				CLANG_CXX_LIBRARY = "libc++";
				CLANG_ENABLE_MODULES = YES;
				CLANG_ENABLE_OBJC_ARC = YES;
				CLANG_WARN_BLOCK_CAPTURE_AUTORELEASING = YES;
				CLANG_WARN_BOOL_CONVERSION = YES;
				CLANG_WARN_COMMA = YES;
				CLANG_WARN_CONSTANT_CONVERSION = YES;
				CLANG_WARN_DEPRECATED_OBJC_IMPLEMENTATIONS = YES;
				CLANG_WARN_DIRECT_OBJC_ISA_USAGE = YES_ERROR;
				CLANG_WARN_DOCUMENTATION_COMMENTS = YES;
				CLANG_WARN_EMPTY_BODY = YES;
				CLANG_WARN_ENUM_CONVERSION = YES;
				CLANG_WARN_INFINITE_RECURSION = YES;
				CLANG_WARN_INT_CONVERSION = YES;
				CLANG_WARN_NON_LITERAL_NULL_CONVERSION = YES;
				CLANG_WARN_OBJC_IMPLICIT_RETAIN_SELF = YES;
				CLANG_WARN_OBJC_LITERAL_CONVERSION = YES;
				CLANG_WARN_OBJC_ROOT_CLASS = YES_ERROR;
				CLANG_WARN_RANGE_LOOP_ANALYSIS = YES;
				CLANG_WARN_STRICT_PROTOTYPES = YES;
				CLANG_WARN_SUSPICIOUS_MOVE = YES;
				CLANG_WARN_SUSPICIOUS_MOVES = YES;
				CLANG_WARN_UNREACHABLE_CODE = YES;
				CLANG_WARN__DUPLICATE_METHOD_MATCH = YES;
				CODE_SIGN_IDENTITY = "iPhone Developer";
				"CODE_SIGN_IDENTITY[sdk=iphoneos*]" = "iPhone Developer";
				COPY_PHASE_STRIP = NO;
				DEBUG_INFORMATION_FORMAT = dwarf;
				DEFINES_MODULE = YES;
				DEVELOPMENT_TEAM = 2PRW676NCQ;
				ENABLE_STRICT_OBJC_MSGSEND = YES;
				ENABLE_TESTABILITY = YES;
				GCC_C_LANGUAGE_STANDARD = gnu99;
				GCC_DYNAMIC_NO_PIC = NO;
				GCC_NO_COMMON_BLOCKS = YES;
				GCC_OPTIMIZATION_LEVEL = 0;
				GCC_PREPROCESSOR_DEFINITIONS = (
					"DEBUG=1",
					"$(inherited)",
				);
				GCC_WARN_64_TO_32_BIT_CONVERSION = YES;
				GCC_WARN_ABOUT_RETURN_TYPE = YES_ERROR;
				GCC_WARN_UNDECLARED_SELECTOR = YES;
				GCC_WARN_UNINITIALIZED_AUTOS = YES_AGGRESSIVE;
				GCC_WARN_UNUSED_FUNCTION = YES;
				GCC_WARN_UNUSED_VARIABLE = YES;
				IPHONEOS_DEPLOYMENT_TARGET = 11.0;
				MTL_ENABLE_DEBUG_INFO = YES;
				ONLY_ACTIVE_ARCH = YES;
				PROVISIONING_PROFILE = "";
				SDKROOT = iphoneos;
				SWIFT_ACTIVE_COMPILATION_CONDITIONS = DEBUG;
				SWIFT_OPTIMIZATION_LEVEL = "-Onone";
				TARGETED_DEVICE_FAMILY = "1,2";
			};
			name = Debug;
		};
		492BFFF01DD34C7E00867896 /* Release */ = {
			isa = XCBuildConfiguration;
			buildSettings = {
				ALWAYS_SEARCH_USER_PATHS = NO;
				CLANG_ANALYZER_NONNULL = YES;
				CLANG_CXX_LANGUAGE_STANDARD = "gnu++0x";
				CLANG_CXX_LIBRARY = "libc++";
				CLANG_ENABLE_MODULES = YES;
				CLANG_ENABLE_OBJC_ARC = YES;
				CLANG_WARN_BLOCK_CAPTURE_AUTORELEASING = YES;
				CLANG_WARN_BOOL_CONVERSION = YES;
				CLANG_WARN_COMMA = YES;
				CLANG_WARN_CONSTANT_CONVERSION = YES;
				CLANG_WARN_DEPRECATED_OBJC_IMPLEMENTATIONS = YES;
				CLANG_WARN_DIRECT_OBJC_ISA_USAGE = YES_ERROR;
				CLANG_WARN_DOCUMENTATION_COMMENTS = YES;
				CLANG_WARN_EMPTY_BODY = YES;
				CLANG_WARN_ENUM_CONVERSION = YES;
				CLANG_WARN_INFINITE_RECURSION = YES;
				CLANG_WARN_INT_CONVERSION = YES;
				CLANG_WARN_NON_LITERAL_NULL_CONVERSION = YES;
				CLANG_WARN_OBJC_IMPLICIT_RETAIN_SELF = YES;
				CLANG_WARN_OBJC_LITERAL_CONVERSION = YES;
				CLANG_WARN_OBJC_ROOT_CLASS = YES_ERROR;
				CLANG_WARN_RANGE_LOOP_ANALYSIS = YES;
				CLANG_WARN_STRICT_PROTOTYPES = YES;
				CLANG_WARN_SUSPICIOUS_MOVE = YES;
				CLANG_WARN_SUSPICIOUS_MOVES = YES;
				CLANG_WARN_UNREACHABLE_CODE = YES;
				CLANG_WARN__DUPLICATE_METHOD_MATCH = YES;
				CODE_SIGN_IDENTITY = "iPhone Developer";
				"CODE_SIGN_IDENTITY[sdk=iphoneos*]" = "iPhone Developer";
				COPY_PHASE_STRIP = NO;
				DEBUG_INFORMATION_FORMAT = "dwarf-with-dsym";
				DEFINES_MODULE = YES;
				DEVELOPMENT_TEAM = 2PRW676NCQ;
				ENABLE_NS_ASSERTIONS = NO;
				ENABLE_STRICT_OBJC_MSGSEND = YES;
				GCC_C_LANGUAGE_STANDARD = gnu99;
				GCC_NO_COMMON_BLOCKS = YES;
				GCC_WARN_64_TO_32_BIT_CONVERSION = YES;
				GCC_WARN_ABOUT_RETURN_TYPE = YES_ERROR;
				GCC_WARN_UNDECLARED_SELECTOR = YES;
				GCC_WARN_UNINITIALIZED_AUTOS = YES_AGGRESSIVE;
				GCC_WARN_UNUSED_FUNCTION = YES;
				GCC_WARN_UNUSED_VARIABLE = YES;
				IPHONEOS_DEPLOYMENT_TARGET = 11.0;
				MTL_ENABLE_DEBUG_INFO = NO;
				PROVISIONING_PROFILE = "";
				SDKROOT = iphoneos;
				SWIFT_OPTIMIZATION_LEVEL = "-Owholemodule";
				TARGETED_DEVICE_FAMILY = "1,2";
				VALIDATE_PRODUCT = YES;
			};
			name = Release;
		};
		492BFFF21DD34C7E00867896 /* Debug */ = {
			isa = XCBuildConfiguration;
			baseConfigurationReference = 7B77778A8AC0B4F9245EEC36 /* Pods-FranvaroAppen.debug.xcconfig */;
			buildSettings = {
				ASSETCATALOG_COMPILER_APPICON_NAME = AppIcon;
				CODE_SIGN_ENTITLEMENTS = FranvaroAppen/FranvaroAppen.entitlements;
				CODE_SIGN_IDENTITY = "iPhone Developer";
				"CODE_SIGN_IDENTITY[sdk=iphoneos*]" = "iPhone Developer";
				DEFINES_MODULE = YES;
				DEVELOPMENT_TEAM = 2PRW676NCQ;
				INFOPLIST_FILE = FranvaroAppen/Info.plist;
				LD_RUNPATH_SEARCH_PATHS = "$(inherited) @executable_path/Frameworks";
				PRODUCT_BUNDLE_IDENTIFIER = com.cocmoc.franvaro;
				PRODUCT_NAME = FranvaroAppen;
				PROVISIONING_PROFILE = "";
				PROVISIONING_PROFILE_SPECIFIER = "";
				SWIFT_VERSION = 4.2;
			};
			name = Debug;
		};
		492BFFF31DD34C7E00867896 /* Release */ = {
			isa = XCBuildConfiguration;
			baseConfigurationReference = 0403B388726FCC299A793C78 /* Pods-FranvaroAppen.release.xcconfig */;
			buildSettings = {
				ASSETCATALOG_COMPILER_APPICON_NAME = AppIcon;
				CODE_SIGN_ENTITLEMENTS = FranvaroAppen/FranvaroAppen.entitlements;
				CODE_SIGN_IDENTITY = "iPhone Developer";
				"CODE_SIGN_IDENTITY[sdk=iphoneos*]" = "iPhone Developer";
				DEFINES_MODULE = YES;
				DEVELOPMENT_TEAM = 2PRW676NCQ;
				INFOPLIST_FILE = FranvaroAppen/Info.plist;
				LD_RUNPATH_SEARCH_PATHS = "$(inherited) @executable_path/Frameworks";
				PRODUCT_BUNDLE_IDENTIFIER = com.cocmoc.franvaro;
				PRODUCT_NAME = FranvaroAppen;
				PROVISIONING_PROFILE = "";
				PROVISIONING_PROFILE_SPECIFIER = "";
				SWIFT_VERSION = 4.2;
			};
			name = Release;
		};
		492BFFF51DD34C7E00867896 /* Debug */ = {
			isa = XCBuildConfiguration;
			baseConfigurationReference = 7CD9FF90EB6471453CFDAC61 /* Pods-FranvaroAppenTests.debug.xcconfig */;
			buildSettings = {
				ALWAYS_EMBED_SWIFT_STANDARD_LIBRARIES = YES;
				BUNDLE_LOADER = "$(TEST_HOST)";
				DEVELOPMENT_TEAM = 2PRW676NCQ;
				INFOPLIST_FILE = FranvaroAppenTests/Info.plist;
				LD_RUNPATH_SEARCH_PATHS = "$(inherited) @executable_path/Frameworks @loader_path/Frameworks";
				PRODUCT_BUNDLE_IDENTIFIER = com.cocmoc.FranvaroAppenTests;
				PRODUCT_NAME = "$(TARGET_NAME)";
				SWIFT_VERSION = 4.2;
				TEST_HOST = "$(BUILT_PRODUCTS_DIR)/FranvaroAppen.app/FranvaroAppen";
			};
			name = Debug;
		};
		492BFFF61DD34C7E00867896 /* Release */ = {
			isa = XCBuildConfiguration;
			baseConfigurationReference = FB7C28A90FEE8FB30DEB1353 /* Pods-FranvaroAppenTests.release.xcconfig */;
			buildSettings = {
				ALWAYS_EMBED_SWIFT_STANDARD_LIBRARIES = YES;
				BUNDLE_LOADER = "$(TEST_HOST)";
				DEVELOPMENT_TEAM = 2PRW676NCQ;
				INFOPLIST_FILE = FranvaroAppenTests/Info.plist;
				LD_RUNPATH_SEARCH_PATHS = "$(inherited) @executable_path/Frameworks @loader_path/Frameworks";
				PRODUCT_BUNDLE_IDENTIFIER = com.cocmoc.FranvaroAppenTests;
				PRODUCT_NAME = "$(TARGET_NAME)";
				SWIFT_VERSION = 4.2;
				TEST_HOST = "$(BUILT_PRODUCTS_DIR)/FranvaroAppen.app/FranvaroAppen";
			};
			name = Release;
		};
		492BFFF81DD34C7E00867896 /* Debug */ = {
			isa = XCBuildConfiguration;
			baseConfigurationReference = 5B646E7CE0CABD0C8B32E549 /* Pods-FranvaroAppenUITests.debug.xcconfig */;
			buildSettings = {
				ALWAYS_EMBED_SWIFT_STANDARD_LIBRARIES = YES;
				DEVELOPMENT_TEAM = 2PRW676NCQ;
				INFOPLIST_FILE = FranvaroAppenUITests/Info.plist;
				LD_RUNPATH_SEARCH_PATHS = "$(inherited) @executable_path/Frameworks @loader_path/Frameworks";
				PRODUCT_BUNDLE_IDENTIFIER = com.cocmoc.FranvaroAppenUITests;
				PRODUCT_NAME = "$(TARGET_NAME)";
				SWIFT_VERSION = 4.2;
				TEST_TARGET_NAME = FranvaroAppen;
			};
			name = Debug;
		};
		492BFFF91DD34C7E00867896 /* Release */ = {
			isa = XCBuildConfiguration;
			baseConfigurationReference = 0BE0AFD309BBAFC2D3FDAA52 /* Pods-FranvaroAppenUITests.release.xcconfig */;
			buildSettings = {
				ALWAYS_EMBED_SWIFT_STANDARD_LIBRARIES = YES;
				DEVELOPMENT_TEAM = 2PRW676NCQ;
				INFOPLIST_FILE = FranvaroAppenUITests/Info.plist;
				LD_RUNPATH_SEARCH_PATHS = "$(inherited) @executable_path/Frameworks @loader_path/Frameworks";
				PRODUCT_BUNDLE_IDENTIFIER = com.cocmoc.FranvaroAppenUITests;
				PRODUCT_NAME = "$(TARGET_NAME)";
				SWIFT_VERSION = 4.2;
				TEST_TARGET_NAME = FranvaroAppen;
			};
			name = Release;
		};
/* End XCBuildConfiguration section */

/* Begin XCConfigurationList section */
		492BFFC11DD34C7E00867896 /* Build configuration list for PBXProject "FranvaroAppen" */ = {
			isa = XCConfigurationList;
			buildConfigurations = (
				492BFFEF1DD34C7E00867896 /* Debug */,
				492BFFF01DD34C7E00867896 /* Release */,
			);
			defaultConfigurationIsVisible = 0;
			defaultConfigurationName = Release;
		};
		492BFFF11DD34C7E00867896 /* Build configuration list for PBXNativeTarget "FranvaroAppen" */ = {
			isa = XCConfigurationList;
			buildConfigurations = (
				492BFFF21DD34C7E00867896 /* Debug */,
				492BFFF31DD34C7E00867896 /* Release */,
			);
			defaultConfigurationIsVisible = 0;
			defaultConfigurationName = Release;
		};
		492BFFF41DD34C7E00867896 /* Build configuration list for PBXNativeTarget "FranvaroAppenTests" */ = {
			isa = XCConfigurationList;
			buildConfigurations = (
				492BFFF51DD34C7E00867896 /* Debug */,
				492BFFF61DD34C7E00867896 /* Release */,
			);
			defaultConfigurationIsVisible = 0;
			defaultConfigurationName = Release;
		};
		492BFFF71DD34C7E00867896 /* Build configuration list for PBXNativeTarget "FranvaroAppenUITests" */ = {
			isa = XCConfigurationList;
			buildConfigurations = (
				492BFFF81DD34C7E00867896 /* Debug */,
				492BFFF91DD34C7E00867896 /* Release */,
			);
			defaultConfigurationIsVisible = 0;
			defaultConfigurationName = Release;
		};
/* End XCConfigurationList section */

/* Begin XCVersionGroup section */
		492BFFD01DD34C7E00867896 /* FranvaroAppen.xcdatamodeld */ = {
			isa = XCVersionGroup;
			children = (
				492BFFD11DD34C7E00867896 /* FranvaroAppen.xcdatamodel */,
			);
			currentVersion = 492BFFD11DD34C7E00867896 /* FranvaroAppen.xcdatamodel */;
			path = FranvaroAppen.xcdatamodeld;
			sourceTree = "<group>";
			versionGroupType = wrapper.xcdatamodel;
		};
/* End XCVersionGroup section */
	};
	rootObject = 492BFFBE1DD34C7E00867896 /* Project object */;
}
